
Microsoft Visual Studio Solution File, Format Version 12.00
# Visual Studio Version 16
VisualStudioVersion = 16.0.31321.278
MinimumVisualStudioVersion = 10.0.40219.1
Project("{F184B08F-C81C-45F6-A57F-5ABD9991F28F}") = "QuizProject", "QuizProject.vbproj", "{05EB4AB7-7CBE-4B4F-828C-C53B6A709AB6}"
EndProject
Global
	GlobalSection(SolutionConfigurationPlatforms) = preSolution
		Debug|Any CPU = Debug|Any CPU
		Release|Any CPU = Release|Any CPU
	EndGlobalSection
	GlobalSection(ProjectConfigurationPlatforms) = postSolution
		{05EB4AB7-7CBE-4B4F-828C-C53B6A709AB6}.Debug|Any CPU.ActiveCfg = Debug|Any CPU
		{05EB4AB7-7CBE-4B4F-828C-C53B6A709AB6}.Debug|Any CPU.Build.0 = Debug|Any CPU
		{05EB4AB7-7CBE-4B4F-828C-C53B6A709AB6}.Release|Any CPU.ActiveCfg = Release|Any CPU
		{05EB4AB7-7CBE-4B4F-828C-C53B6A709AB6}.Release|Any CPU.Build.0 = Release|Any CPU
	EndGlobalSection
	GlobalSection(SolutionProperties) = preSolution
		HideSolutionNode = FALSE
	EndGlobalSection
	GlobalSection(ExtensibilityGlobals) = postSolution
		SolutionGuid = {FD89526D-3FCC-44A9-AC97-84218FFF7BF0}
	EndGlobalSection
EndGlobal
